// !$*UTF8*$!
{
	archiveVersion = 1;
	classes = {
	};
	objectVersion = 46;
	objects = {

/* Begin PBXBuildFile section */
		BA87562A1E923BEF00FCDFB1 /* AppDelegate.swift in Sources */ = {isa = PBXBuildFile; fileRef = BA8756291E923BEF00FCDFB1 /* AppDelegate.swift */; };
		BA87562C1E923BEF00FCDFB1 /* ViewController.swift in Sources */ = {isa = PBXBuildFile; fileRef = BA87562B1E923BEF00FCDFB1 /* ViewController.swift */; };
		BA87562E1E923BEF00FCDFB1 /* Assets.xcassets in Resources */ = {isa = PBXBuildFile; fileRef = BA87562D1E923BEF00FCDFB1 /* Assets.xcassets */; };
		BA8756311E923BEF00FCDFB1 /* Main.storyboard in Resources */ = {isa = PBXBuildFile; fileRef = BA87562F1E923BEF00FCDFB1 /* Main.storyboard */; };
		BA8756681E924B6D00FCDFB1 /* SwiftyPostgreSQL.framework in Frameworks */ = {isa = PBXBuildFile; fileRef = BA8756671E924B6D00FCDFB1 /* SwiftyPostgreSQL.framework */; };
		BA8756691E924B6D00FCDFB1 /* SwiftyPostgreSQL.framework in Embed Frameworks */ = {isa = PBXBuildFile; fileRef = BA8756671E924B6D00FCDFB1 /* SwiftyPostgreSQL.framework */; settings = {ATTRIBUTES = (CodeSignOnCopy, RemoveHeadersOnCopy, ); }; };
		BA87566C1E924B8400FCDFB1 /* TitanCore.framework in Frameworks */ = {isa = PBXBuildFile; fileRef = BA87566B1E924B8400FCDFB1 /* TitanCore.framework */; };
		BA87566D1E924B8400FCDFB1 /* TitanCore.framework in Embed Frameworks */ = {isa = PBXBuildFile; fileRef = BA87566B1E924B8400FCDFB1 /* TitanCore.framework */; settings = {ATTRIBUTES = (CodeSignOnCopy, RemoveHeadersOnCopy, ); }; };
/* End PBXBuildFile section */

/* Begin PBXCopyFilesBuildPhase section */
		BA87566A1E924B6D00FCDFB1 /* Embed Frameworks */ = {
			isa = PBXCopyFilesBuildPhase;
			buildActionMask = 2147483647;
			dstPath = "";
			dstSubfolderSpec = 10;
			files = (
				BA87566D1E924B8400FCDFB1 /* TitanCore.framework in Embed Frameworks */,
				BA8756691E924B6D00FCDFB1 /* SwiftyPostgreSQL.framework in Embed Frameworks */,
			);
			name = "Embed Frameworks";
			runOnlyForDeploymentPostprocessing = 0;
		};
/* End PBXCopyFilesBuildPhase section */

/* Begin PBXFileReference section */
		BA8756261E923BEF00FCDFB1 /* Titan_macOS.app */ = {isa = PBXFileReference; explicitFileType = wrapper.application; includeInIndex = 0; path = Titan_macOS.app; sourceTree = BUILT_PRODUCTS_DIR; };
		BA8756291E923BEF00FCDFB1 /* AppDelegate.swift */ = {isa = PBXFileReference; lastKnownFileType = sourcecode.swift; path = AppDelegate.swift; sourceTree = "<group>"; };
		BA87562B1E923BEF00FCDFB1 /* ViewController.swift */ = {isa = PBXFileReference; lastKnownFileType = sourcecode.swift; path = ViewController.swift; sourceTree = "<group>"; };
		BA87562D1E923BEF00FCDFB1 /* Assets.xcassets */ = {isa = PBXFileReference; lastKnownFileType = folder.assetcatalog; path = Assets.xcassets; sourceTree = "<group>"; };
		BA8756301E923BEF00FCDFB1 /* Base */ = {isa = PBXFileReference; lastKnownFileType = file.storyboard; name = Base; path = Base.lproj/Main.storyboard; sourceTree = "<group>"; };
		BA8756321E923BEF00FCDFB1 /* Info.plist */ = {isa = PBXFileReference; lastKnownFileType = text.plist.xml; path = Info.plist; sourceTree = "<group>"; };
		BA8756671E924B6D00FCDFB1 /* SwiftyPostgreSQL.framework */ = {isa = PBXFileReference; explicitFileType = wrapper.framework; path = SwiftyPostgreSQL.framework; sourceTree = BUILT_PRODUCTS_DIR; };
		BA87566B1E924B8400FCDFB1 /* TitanCore.framework */ = {isa = PBXFileReference; explicitFileType = wrapper.framework; path = TitanCore.framework; sourceTree = BUILT_PRODUCTS_DIR; };
/* End PBXFileReference section */

/* Begin PBXFrameworksBuildPhase section */
		BA8756231E923BEF00FCDFB1 /* Frameworks */ = {
			isa = PBXFrameworksBuildPhase;
			buildActionMask = 2147483647;
			files = (
				BA87566C1E924B8400FCDFB1 /* TitanCore.framework in Frameworks */,
				BA8756681E924B6D00FCDFB1 /* SwiftyPostgreSQL.framework in Frameworks */,
			);
			runOnlyForDeploymentPostprocessing = 0;
		};
/* End PBXFrameworksBuildPhase section */

/* Begin PBXGroup section */
		BA87561D1E923BEF00FCDFB1 = {
			isa = PBXGroup;
			children = (
				BA8756281E923BEF00FCDFB1 /* Titan_macOS */,
				BA8756271E923BEF00FCDFB1 /* Products */,
				BA8756381E923C0500FCDFB1 /* Frameworks */,
			);
			sourceTree = "<group>";
		};
		BA8756271E923BEF00FCDFB1 /* Products */ = {
			isa = PBXGroup;
			children = (
				BA8756261E923BEF00FCDFB1 /* Titan_macOS.app */,
			);
			name = Products;
			sourceTree = "<group>";
		};
		BA8756281E923BEF00FCDFB1 /* Titan_macOS */ = {
			isa = PBXGroup;
			children = (
				BA8756291E923BEF00FCDFB1 /* AppDelegate.swift */,
				BA87562B1E923BEF00FCDFB1 /* ViewController.swift */,
				BA87562D1E923BEF00FCDFB1 /* Assets.xcassets */,
				BA87562F1E923BEF00FCDFB1 /* Main.storyboard */,
				BA8756321E923BEF00FCDFB1 /* Info.plist */,
			);
			path = Titan_macOS;
			sourceTree = "<group>";
		};
		BA8756381E923C0500FCDFB1 /* Frameworks */ = {
			isa = PBXGroup;
			children = (
				BA87566B1E924B8400FCDFB1 /* TitanCore.framework */,
				BA8756671E924B6D00FCDFB1 /* SwiftyPostgreSQL.framework */,
			);
			name = Frameworks;
			sourceTree = "<group>";
		};
/* End PBXGroup section */

/* Begin PBXNativeTarget section */
		BA8756251E923BEF00FCDFB1 /* Titan_macOS */ = {
			isa = PBXNativeTarget;
			buildConfigurationList = BA8756351E923BEF00FCDFB1 /* Build configuration list for PBXNativeTarget "Titan_macOS" */;
			buildPhases = (
				BA8756221E923BEF00FCDFB1 /* Sources */,
				BA8756231E923BEF00FCDFB1 /* Frameworks */,
				BA8756241E923BEF00FCDFB1 /* Resources */,
				BA87566A1E924B6D00FCDFB1 /* Embed Frameworks */,
			);
			buildRules = (
			);
			dependencies = (
			);
			name = Titan_macOS;
			productName = Titan_macOS;
			productReference = BA8756261E923BEF00FCDFB1 /* Titan_macOS.app */;
			productType = "com.apple.product-type.application";
		};
/* End PBXNativeTarget section */

/* Begin PBXProject section */
		BA87561E1E923BEF00FCDFB1 /* Project object */ = {
			isa = PBXProject;
			attributes = {
				LastSwiftUpdateCheck = 0820;
				LastUpgradeCheck = 0820;
				ORGANIZATIONNAME = nghiatran;
				TargetAttributes = {
					BA8756251E923BEF00FCDFB1 = {
						CreatedOnToolsVersion = 8.2.1;
						DevelopmentTeam = D54Y88Y9CY;
						ProvisioningStyle = Automatic;
					};
				};
			};
			buildConfigurationList = BA8756211E923BEF00FCDFB1 /* Build configuration list for PBXProject "Titan_macOS" */;
			compatibilityVersion = "Xcode 3.2";
			developmentRegion = English;
			hasScannedForEncodings = 0;
			knownRegions = (
				en,
				Base,
			);
			mainGroup = BA87561D1E923BEF00FCDFB1;
			productRefGroup = BA8756271E923BEF00FCDFB1 /* Products */;
			projectDirPath = "";
			projectRoot = "";
			targets = (
				BA8756251E923BEF00FCDFB1 /* Titan_macOS */,
			);
		};
/* End PBXProject section */

/* Begin PBXResourcesBuildPhase section */
		BA8756241E923BEF00FCDFB1 /* Resources */ = {
			isa = PBXResourcesBuildPhase;
			buildActionMask = 2147483647;
			files = (
				BA87562E1E923BEF00FCDFB1 /* Assets.xcassets in Resources */,
				BA8756311E923BEF00FCDFB1 /* Main.storyboard in Resources */,
			);
			runOnlyForDeploymentPostprocessing = 0;
		};
/* End PBXResourcesBuildPhase section */

/* Begin PBXSourcesBuildPhase section */
		BA8756221E923BEF00FCDFB1 /* Sources */ = {
			isa = PBXSourcesBuildPhase;
			buildActionMask = 2147483647;
			files = (
				BA87562C1E923BEF00FCDFB1 /* ViewController.swift in Sources */,
				BA87562A1E923BEF00FCDFB1 /* AppDelegate.swift in Sources */,
			);
			runOnlyForDeploymentPostprocessing = 0;
		};
/* End PBXSourcesBuildPhase section */

/* Begin PBXVariantGroup section */
		BA87562F1E923BEF00FCDFB1 /* Main.storyboard */ = {
			isa = PBXVariantGroup;
			children = (
				BA8756301E923BEF00FCDFB1 /* Base */,
			);
			name = Main.storyboard;
			sourceTree = "<group>";
		};
/* End PBXVariantGroup section */

/* Begin XCBuildConfiguration section */
		BA8756331E923BEF00FCDFB1 /* Debug */ = {
			isa = XCBuildConfiguration;
			buildSettings = {
				ALWAYS_SEARCH_USER_PATHS = NO;
				CLANG_ANALYZER_NONNULL = YES;
				CLANG_CXX_LANGUAGE_STANDARD = "gnu++0x";
				CLANG_CXX_LIBRARY = "libc++";
				CLANG_ENABLE_MODULES = YES;
				CLANG_ENABLE_OBJC_ARC = YES;
				CLANG_WARN_BOOL_CONVERSION = YES;
				CLANG_WARN_CONSTANT_CONVERSION = YES;
				CLANG_WARN_DIRECT_OBJC_ISA_USAGE = YES_ERROR;
				CLANG_WARN_DOCUMENTATION_COMMENTS = YES;
				CLANG_WARN_EMPTY_BODY = YES;
				CLANG_WARN_ENUM_CONVERSION = YES;
				CLANG_WARN_INFINITE_RECURSION = YES;
				CLANG_WARN_INT_CONVERSION = YES;
				CLANG_WARN_OBJC_ROOT_CLASS = YES_ERROR;
				CLANG_WARN_SUSPICIOUS_MOVE = YES;
				CLANG_WARN_UNREACHABLE_CODE = YES;
				CLANG_WARN__DUPLICATE_METHOD_MATCH = YES;
				CODE_SIGN_IDENTITY = "-";
				COPY_PHASE_STRIP = NO;
				DEBUG_INFORMATION_FORMAT = dwarf;
				ENABLE_STRICT_OBJC_MSGSEND = YES;
				ENABLE_TESTABILITY = YES;
				GCC_C_LANGUAGE_STANDARD = gnu99;
				GCC_DYNAMIC_NO_PIC = NO;
				GCC_NO_COMMON_BLOCKS = YES;
				GCC_OPTIMIZATION_LEVEL = 0;
				GCC_PREPROCESSOR_DEFINITIONS = (
					"DEBUG=1",
					"$(inherited)",
				);
				GCC_WARN_64_TO_32_BIT_CONVERSION = YES;
				GCC_WARN_ABOUT_RETURN_TYPE = YES_ERROR;
				GCC_WARN_UNDECLARED_SELECTOR = YES;
				GCC_WARN_UNINITIALIZED_AUTOS = YES_AGGRESSIVE;
				GCC_WARN_UNUSED_FUNCTION = YES;
				GCC_WARN_UNUSED_VARIABLE = YES;
				MACOSX_DEPLOYMENT_TARGET = 10.12;
				MTL_ENABLE_DEBUG_INFO = YES;
				ONLY_ACTIVE_ARCH = YES;
				SDKROOT = macosx;
				SWIFT_ACTIVE_COMPILATION_CONDITIONS = DEBUG;
				SWIFT_OPTIMIZATION_LEVEL = "-Onone";
			};
			name = Debug;
		};
		BA8756341E923BEF00FCDFB1 /* Release */ = {
			isa = XCBuildConfiguration;
			buildSettings = {
				ALWAYS_SEARCH_USER_PATHS = NO;
				CLANG_ANALYZER_NONNULL = YES;
				CLANG_CXX_LANGUAGE_STANDARD = "gnu++0x";
				CLANG_CXX_LIBRARY = "libc++";
				CLANG_ENABLE_MODULES = YES;
				CLANG_ENABLE_OBJC_ARC = YES;
				CLANG_WARN_BOOL_CONVERSION = YES;
				CLANG_WARN_CONSTANT_CONVERSION = YES;
				CLANG_WARN_DIRECT_OBJC_ISA_USAGE = YES_ERROR;
				CLANG_WARN_DOCUMENTATION_COMMENTS = YES;
				CLANG_WARN_EMPTY_BODY = YES;
				CLANG_WARN_ENUM_CONVERSION = YES;
				CLANG_WARN_INFINITE_RECURSION = YES;
				CLANG_WARN_INT_CONVERSION = YES;
				CLANG_WARN_OBJC_ROOT_CLASS = YES_ERROR;
				CLANG_WARN_SUSPICIOUS_MOVE = YES;
				CLANG_WARN_UNREACHABLE_CODE = YES;
				CLANG_WARN__DUPLICATE_METHOD_MATCH = YES;
				CODE_SIGN_IDENTITY = "-";
				COPY_PHASE_STRIP = NO;
				DEBUG_INFORMATION_FORMAT = "dwarf-with-dsym";
				ENABLE_NS_ASSERTIONS = NO;
				ENABLE_STRICT_OBJC_MSGSEND = YES;
				GCC_C_LANGUAGE_STANDARD = gnu99;
				GCC_NO_COMMON_BLOCKS = YES;
				GCC_WARN_64_TO_32_BIT_CONVERSION = YES;
				GCC_WARN_ABOUT_RETURN_TYPE = YES_ERROR;
				GCC_WARN_UNDECLARED_SELECTOR = YES;
				GCC_WARN_UNINITIALIZED_AUTOS = YES_AGGRESSIVE;
				GCC_WARN_UNUSED_FUNCTION = YES;
				GCC_WARN_UNUSED_VARIABLE = YES;
				MACOSX_DEPLOYMENT_TARGET = 10.12;
				MTL_ENABLE_DEBUG_INFO = NO;
				SDKROOT = macosx;
				SWIFT_OPTIMIZATION_LEVEL = "-Owholemodule";
			};
			name = Release;
		};
		BA8756361E923BEF00FCDFB1 /* Debug */ = {
			isa = XCBuildConfiguration;
			buildSettings = {
				ASSETCATALOG_COMPILER_APPICON_NAME = AppIcon;
				CODE_SIGN_IDENTITY = "Mac Developer";
				COMBINE_HIDPI_IMAGES = YES;
				DEVELOPMENT_TEAM = D54Y88Y9CY;
				INFOPLIST_FILE = Titan_macOS/Info.plist;
				LD_RUNPATH_SEARCH_PATHS = "$(inherited) @executable_path/../Frameworks";
				PRODUCT_BUNDLE_IDENTIFIER = "com.fe.nghiatran.Titan-macOS";
				PRODUCT_NAME = "$(TARGET_NAME)";
				SWIFT_VERSION = 3.0;
			};
			name = Debug;
		};
		BA8756371E923BEF00FCDFB1 /* Release */ = {
			isa = XCBuildConfiguration;
			buildSettings = {
				ASSETCATALOG_COMPILER_APPICON_NAME = AppIcon;
				CODE_SIGN_IDENTITY = "Mac Developer";
				COMBINE_HIDPI_IMAGES = YES;
				DEVELOPMENT_TEAM = D54Y88Y9CY;
				INFOPLIST_FILE = Titan_macOS/Info.plist;
				LD_RUNPATH_SEARCH_PATHS = "$(inherited) @executable_path/../Frameworks";
				PRODUCT_BUNDLE_IDENTIFIER = "com.fe.nghiatran.Titan-macOS";
				PRODUCT_NAME = "$(TARGET_NAME)";
				SWIFT_VERSION = 3.0;
			};
			name = Release;
		};
/* End XCBuildConfiguration section */

/* Begin XCConfigurationList section */
		BA8756211E923BEF00FCDFB1 /* Build configuration list for PBXProject "Titan_macOS" */ = {
			isa = XCConfigurationList;
			buildConfigurations = (
				BA8756331E923BEF00FCDFB1 /* Debug */,
				BA8756341E923BEF00FCDFB1 /* Release */,
			);
			defaultConfigurationIsVisible = 0;
			defaultConfigurationName = Release;
		};
		BA8756351E923BEF00FCDFB1 /* Build configuration list for PBXNativeTarget "Titan_macOS" */ = {
			isa = XCConfigurationList;
			buildConfigurations = (
				BA8756361E923BEF00FCDFB1 /* Debug */,
				BA8756371E923BEF00FCDFB1 /* Release */,
			);
			defaultConfigurationIsVisible = 0;
			defaultConfigurationName = Release;
		};
/* End XCConfigurationList section */
	};
	rootObject = BA87561E1E923BEF00FCDFB1 /* Project object */;
}
